{
  "name": "ajs-depended",
  "version": "1.0.0",
  "lockfileVersion": 1,
  "requires": true,
  "dependencies": {
    "@igrkirillov/ajs": {
      "version": "1.0.0",
      "resolved": "https://npm.pkg.github.com/download/@igrkirillov/ajs/1.0.0/65370a2493fa9ef8d111322864fb554a7a8e0a50",
      "integrity": "sha512-6GL+DGVsWBz6ifaFhx4N25pHtcKFZNBoz+VQk16HQbc7t31Zo65h8kTG4yXGEp1zPWbGV69MfU8vndnaThEpFw=="
    }
  }
}
